
Microsoft Visual Studio Solution File, Format Version 12.00
# Visual Studio Version 16
VisualStudioVersion = 16.0.30204.135
MinimumVisualStudioVersion = 10.0.40219.1
Project("{FAE04EC0-301F-11D3-BF4B-00C04F79EFBC}") = "ApiWithDatabase", "ApiWithDatabase.csproj", "{9A6ADF76-00A4-4E06-93C8-6DE8EC13541A}"
EndProject
Global
	GlobalSection(SolutionConfigurationPlatforms) = preSolution
		Debug|Any CPU = Debug|Any CPU
		Release|Any CPU = Release|Any CPU
	EndGlobalSection
	GlobalSection(ProjectConfigurationPlatforms) = postSolution
		{9A6ADF76-00A4-4E06-93C8-6DE8EC13541A}.Debug|Any CPU.ActiveCfg = Debug|Any CPU
		{9A6ADF76-00A4-4E06-93C8-6DE8EC13541A}.Debug|Any CPU.Build.0 = Debug|Any CPU
		{9A6ADF76-00A4-4E06-93C8-6DE8EC13541A}.Release|Any CPU.ActiveCfg = Release|Any CPU
		{9A6ADF76-00A4-4E06-93C8-6DE8EC13541A}.Release|Any CPU.Build.0 = Release|Any CPU
	EndGlobalSection
	GlobalSection(SolutionProperties) = preSolution
		HideSolutionNode = FALSE
	EndGlobalSection
	GlobalSection(ExtensibilityGlobals) = postSolution
		SolutionGuid = {11D163CA-F006-4519-A5F6-EE1E868A96BD}
	EndGlobalSection
EndGlobal
